{
  "requires": true,
  "lockfileVersion": 1,
  "dependencies": {
    "bootstrap": {
      "version": "3.4.1",
      "resolved": "https://registry.npmjs.org/bootstrap/-/bootstrap-3.4.1.tgz",
      "integrity": "sha512-yN5oZVmRCwe5aKwzRj6736nSmKDX7pLYwsXiCj/EYmo16hODaBiT4En5btW/jhBF/seV+XMx3aYwukYC3A49DA=="
    },
    "bootstrap-sweetalert": {
      "version": "1.0.1",
      "resolved": "https://registry.npmjs.org/bootstrap-sweetalert/-/bootstrap-sweetalert-1.0.1.tgz",
      "integrity": "sha1-Fk8+YVUmXNOY1oG0cdVq/f3GXy0=",
      "requires": {
        "bootstrap": "~3"
      }
    },
    "gentelella": {
      "version": "1.4.0",
      "resolved": "https://registry.npmjs.org/gentelella/-/gentelella-1.4.0.tgz",
      "integrity": "sha512-lp54+y6bwSLHF6KMstW2jD6oqV68vLMnFqMqATRp5a/8Tp52NYly7Q+5FZIMaNKATrb3EKx+BN/bKpaZ4BYLEw=="
    }
  }
}
