{
  "requires": true,
  "lockfileVersion": 1,
  "dependencies": {
    "@ant-design/icons": {
      "version": "1.1.16",
      "resolved": "https://registry.npmjs.org/@ant-design/icons/-/icons-1.1.16.tgz",
      "integrity": "sha512-0zNVP5JYBJkfMi9HotN6QBQjF3SFmUlumJNJXZIH+pZWp/5EbrCczzlG3YTmBWoyRHAsuOGIjSFIy8v/76DTPg=="
    },
    "@ant-design/icons-react": {
      "version": "1.1.2",
      "resolved": "https://registry.npmjs.org/@ant-design/icons-react/-/icons-react-1.1.2.tgz",
      "integrity": "sha512-7Fgt9d8ABgxrhZxsFjHk/VpPcxodQJJhbJO8Lsh7u58pGN4NoxxW++92naeGTXCyqZsbDPBReP+SC0bdBtbsGQ==",
      "requires": {
        "ant-design-palettes": "^1.1.3",
        "babel-runtime": "^6.26.0"
      }
    },
    "add-dom-event-listener": {
      "version": "1.1.0",
      "resolved": "https://registry.npmjs.org/add-dom-event-listener/-/add-dom-event-listener-1.1.0.tgz",
      "integrity": "sha512-WCxx1ixHT0GQU9hb0KI/mhgRQhnU+U3GvwY6ZvVjYq8rsihIGoaIOUbY0yMPBxLH5MDtr0kz3fisWGNcbWW7Jw==",
      "requires": {
        "object-assign": "4.x"
      }
    },
    "ant-design-palettes": {
      "version": "1.1.3",
      "resolved": "https://registry.npmjs.org/ant-design-palettes/-/ant-design-palettes-1.1.3.tgz",
      "integrity": "sha512-UpkkTp8egEN21KZNvY7sTcabLlkHvLvS71EVPk4CYi77Z9AaGGCaVn7i72tbOgWDrQp2wjIg8WgMbKBdK7GtWA==",
      "requires": {
        "tinycolor2": "^1.4.1"
      }
    },
    "antd": {
      "version": "3.11.2",
      "resolved": "https://registry.npmjs.org/antd/-/antd-3.11.2.tgz",
      "integrity": "sha512-bwc9L+5Dk6sGbtA2Nr9rnfchM5JJ28Zb/AZTzMzevwA/89CFm5Eq4uBhFtYrITv8R2+p0FXyPo4lDVUQ16IlPQ==",
      "requires": {
        "@ant-design/icons": "~1.1.15",
        "@ant-design/icons-react": "~1.1.2",
        "array-tree-filter": "^2.1.0",
        "babel-runtime": "6.x",
        "classnames": "~2.2.6",
        "create-react-class": "^15.6.3",
        "create-react-context": "0.2.2",
        "css-animation": "^1.5.0",
        "dom-closest": "^0.2.0",
        "enquire.js": "^2.1.6",
        "intersperse": "^1.0.0",
        "lodash": "^4.17.11",
        "moment": "^2.22.2",
        "omit.js": "^1.0.0",
        "prop-types": "^15.6.2",
        "raf": "^3.4.0",
        "rc-animate": "^2.5.4",
        "rc-calendar": "~9.8.0",
        "rc-cascader": "~0.16.0",
        "rc-checkbox": "~2.1.5",
        "rc-collapse": "~1.10.0",
        "rc-dialog": "~7.2.1",
        "rc-drawer": "~1.7.6",
        "rc-dropdown": "~2.2.1",
        "rc-editor-mention": "^1.1.7",
        "rc-form": "^2.2.7",
        "rc-input-number": "~4.3.7",
        "rc-menu": "~7.4.12",
        "rc-notification": "~3.3.0",
        "rc-pagination": "~1.17.3",
        "rc-progress": "~2.2.6",
        "rc-rate": "~2.4.2",
        "rc-select": "~8.6.0",
        "rc-slider": "~8.6.3",
        "rc-steps": "~3.3.0",
        "rc-switch": "~1.8.0",
        "rc-table": "~6.4.0",
        "rc-tabs": "~9.5.2",
        "rc-time-picker": "~3.4.0",
        "rc-tooltip": "~3.7.3",
        "rc-tree": "~1.14.6",
        "rc-tree-select": "~2.4.0",
        "rc-trigger": "^2.6.2",
        "rc-upload": "~2.6.0",
        "rc-util": "^4.5.1",
        "react-lazy-load": "^3.0.13",
        "react-lifecycles-compat": "^3.0.4",
        "react-slick": "~0.23.2",
        "resize-observer-polyfill": "^1.5.0",
        "shallowequal": "^1.1.0",
        "warning": "~4.0.2"
      }
    },
    "array-tree-filter": {
      "version": "2.1.0",
      "resolved": "https://registry.npmjs.org/array-tree-filter/-/array-tree-filter-2.1.0.tgz",
      "integrity": "sha512-4ROwICNlNw/Hqa9v+rk5h22KjmzB1JGTMVKP2AKJBOCgb0yL0ASf0+YvCcLNNwquOHNX48jkeZIJ3a+oOQqKcw=="
    },
    "asap": {
      "version": "2.0.6",
      "resolved": "https://registry.npmjs.org/asap/-/asap-2.0.6.tgz",
      "integrity": "sha1-5QNHYR1+aQlDIIu9r+vLwvuGbUY="
    },
    "async-validator": {
      "version": "1.8.5",
      "resolved": "https://registry.npmjs.org/async-validator/-/async-validator-1.8.5.tgz",
      "integrity": "sha512-tXBM+1m056MAX0E8TL2iCjg8WvSyXu0Zc8LNtYqrVeyoL3+esHRZ4SieE9fKQyyU09uONjnMEjrNBMqT0mbvmA==",
      "requires": {
        "babel-runtime": "6.x"
      }
    },
    "babel-runtime": {
      "version": "6.26.0",
      "resolved": "https://registry.npmjs.org/babel-runtime/-/babel-runtime-6.26.0.tgz",
      "integrity": "sha1-llxwWGaOgrVde/4E/yM3vItWR/4=",
      "requires": {
        "core-js": "^2.4.0",
        "regenerator-runtime": "^0.11.0"
      }
    },
    "classnames": {
      "version": "2.2.6",
      "resolved": "https://registry.npmjs.org/classnames/-/classnames-2.2.6.tgz",
      "integrity": "sha512-JR/iSQOSt+LQIWwrwEzJ9uk0xfN3mTVYMwt1Ir5mUcSN6pU+V4zQFFaJsclJbPuAUQH+yfWef6tm7l1quW3C8Q=="
    },
    "component-classes": {
      "version": "1.2.6",
      "resolved": "https://registry.npmjs.org/component-classes/-/component-classes-1.2.6.tgz",
      "integrity": "sha1-xkI5TDYYpNiwuJGe/Mu9kw5c1pE=",
      "requires": {
        "component-indexof": "0.0.3"
      }
    },
    "component-indexof": {
      "version": "0.0.3",
      "resolved": "https://registry.npmjs.org/component-indexof/-/component-indexof-0.0.3.tgz",
      "integrity": "sha1-EdCRMSI5648yyPJa6csAL/6NPCQ="
    },
    "core-js": {
      "version": "2.6.0",
      "resolved": "https://registry.npmjs.org/core-js/-/core-js-2.6.0.tgz",
      "integrity": "sha512-kLRC6ncVpuEW/1kwrOXYX6KQASCVtrh1gQr/UiaVgFlf9WE5Vp+lNe5+h3LuMr5PAucWnnEXwH0nQHRH/gpGtw=="
    },
    "create-react-class": {
      "version": "15.6.3",
      "resolved": "https://registry.npmjs.org/create-react-class/-/create-react-class-15.6.3.tgz",
      "integrity": "sha512-M+/3Q6E6DLO6Yx3OwrWjwHBnvfXXYA7W+dFjt/ZDBemHO1DDZhsalX/NUtnTYclN6GfnBDRh4qRHjcDHmlJBJg==",
      "requires": {
        "fbjs": "^0.8.9",
        "loose-envify": "^1.3.1",
        "object-assign": "^4.1.1"
      }
    },
    "create-react-context": {
      "version": "0.2.2",
      "resolved": "https://registry.npmjs.org/create-react-context/-/create-react-context-0.2.2.tgz",
      "integrity": "sha512-KkpaLARMhsTsgp0d2NA/R94F/eDLbhXERdIq3LvX2biCAXcDvHYoOqHfWCHf1+OLj+HKBotLG3KqaOOf+C1C+A==",
      "requires": {
        "fbjs": "^0.8.0",
        "gud": "^1.0.0"
      }
    },
    "css-animation": {
      "version": "1.5.0",
      "resolved": "https://registry.npmjs.org/css-animation/-/css-animation-1.5.0.tgz",
      "integrity": "sha512-hWYoWiOZ7Vr20etzLh3kpWgtC454tW5vn4I6rLANDgpzNSkO7UfOqyCEeaoBSG9CYWQpRkFWTWbWW8o3uZrNLw==",
      "requires": {
        "babel-runtime": "6.x",
        "component-classes": "^1.2.5"
      }
    },
    "dom-align": {
      "version": "1.8.0",
      "resolved": "https://registry.npmjs.org/dom-align/-/dom-align-1.8.0.tgz",
      "integrity": "sha512-B85D4ef2Gj5lw0rK0KM2+D5/pH7yqNxg2mB+E8uzFaolpm7RQmsxEfjyEuNiF8UBBkffumYDeKRzTzc3LePP+w=="
    },
    "dom-closest": {
      "version": "0.2.0",
      "resolved": "https://registry.npmjs.org/dom-closest/-/dom-closest-0.2.0.tgz",
      "integrity": "sha1-69n5HRvyLo1vR3h2u80+yQIWwM8=",
      "requires": {
        "dom-matches": ">=1.0.1"
      }
    },
    "dom-matches": {
      "version": "2.0.0",
      "resolved": "https://registry.npmjs.org/dom-matches/-/dom-matches-2.0.0.tgz",
      "integrity": "sha1-0nKLQWqHUzmA6wibhI0lPPI6dYw="
    },
    "dom-scroll-into-view": {
      "version": "1.2.1",
      "resolved": "https://registry.npmjs.org/dom-scroll-into-view/-/dom-scroll-into-view-1.2.1.tgz",
      "integrity": "sha1-6PNnMt0ImwIBqI14Fdw/iObWbH4="
    },
    "draft-js": {
      "version": "0.10.5",
      "resolved": "https://registry.npmjs.org/draft-js/-/draft-js-0.10.5.tgz",
      "integrity": "sha512-LE6jSCV9nkPhfVX2ggcRLA4FKs6zWq9ceuO/88BpXdNCS7mjRTgs0NsV6piUCJX9YxMsB9An33wnkMmU2sD2Zg==",
      "requires": {
        "fbjs": "^0.8.15",
        "immutable": "~3.7.4",
        "object-assign": "^4.1.0"
      },
      "dependencies": {
        "immutable": {
          "version": "3.7.6",
          "resolved": "http://registry.npmjs.org/immutable/-/immutable-3.7.6.tgz",
          "integrity": "sha1-E7TTyxK++hVIKib+Gy665kAHHks="
        }
      }
    },
    "encoding": {
      "version": "0.1.12",
      "resolved": "https://registry.npmjs.org/encoding/-/encoding-0.1.12.tgz",
      "integrity": "sha1-U4tm8+5izRq1HsMjgp0flIDHS+s=",
      "requires": {
        "iconv-lite": "~0.4.13"
      }
    },
    "enquire.js": {
      "version": "2.1.6",
      "resolved": "https://registry.npmjs.org/enquire.js/-/enquire.js-2.1.6.tgz",
      "integrity": "sha1-PoeAybi4NQhMP2DhZtvDwqPImBQ="
    },
    "eventlistener": {
      "version": "0.0.1",
      "resolved": "https://registry.npmjs.org/eventlistener/-/eventlistener-0.0.1.tgz",
      "integrity": "sha1-7Suqu4UiJ68rz4iRUscsY8pTLrg="
    },
    "fbjs": {
      "version": "0.8.17",
      "resolved": "https://registry.npmjs.org/fbjs/-/fbjs-0.8.17.tgz",
      "integrity": "sha1-xNWY6taUkRJlPWWIsBpc3Nn5D90=",
      "requires": {
        "core-js": "^1.0.0",
        "isomorphic-fetch": "^2.1.1",
        "loose-envify": "^1.0.0",
        "object-assign": "^4.1.0",
        "promise": "^7.1.1",
        "setimmediate": "^1.0.5",
        "ua-parser-js": "^0.7.18"
      },
      "dependencies": {
        "core-js": {
          "version": "1.2.7",
          "resolved": "http://registry.npmjs.org/core-js/-/core-js-1.2.7.tgz",
          "integrity": "sha1-ZSKUwUZR2yj6k70tX/KYOk8IxjY="
        }
      }
    },
    "gud": {
      "version": "1.0.0",
      "resolved": "https://registry.npmjs.org/gud/-/gud-1.0.0.tgz",
      "integrity": "sha512-zGEOVKFM5sVPPrYs7J5/hYEw2Pof8KCyOwyhG8sAF26mCAeUFAcYPu1mwB7hhpIP29zOIBaDqwuHdLp0jvZXjw=="
    },
    "hammerjs": {
      "version": "2.0.8",
      "resolved": "https://registry.npmjs.org/hammerjs/-/hammerjs-2.0.8.tgz",
      "integrity": "sha1-BO93hiz/K7edMPdpIJWTAiK/YPE="
    },
    "hoist-non-react-statics": {
      "version": "2.5.5",
      "resolved": "https://registry.npmjs.org/hoist-non-react-statics/-/hoist-non-react-statics-2.5.5.tgz",
      "integrity": "sha512-rqcy4pJo55FTTLWt+bU8ukscqHeE/e9KWvsOW2b/a3afxQZhwkQdT1rPPCJ0rYXdj4vNcasY8zHTH+jF/qStxw=="
    },
    "iconv-lite": {
      "version": "0.4.24",
      "resolved": "https://registry.npmjs.org/iconv-lite/-/iconv-lite-0.4.24.tgz",
      "integrity": "sha512-v3MXnZAcvnywkTUEZomIActle7RXXeedOR31wwl7VlyoXO4Qi9arvSenNQWne1TcRwhCL1HwLI21bEqdpj8/rA==",
      "requires": {
        "safer-buffer": ">= 2.1.2 < 3"
      }
    },
    "immutable": {
      "version": "3.8.2",
      "resolved": "https://registry.npmjs.org/immutable/-/immutable-3.8.2.tgz",
      "integrity": "sha1-wkOZUUVbs5kT2vKBN28VMOEErfM="
    },
    "intersperse": {
      "version": "1.0.0",
      "resolved": "https://registry.npmjs.org/intersperse/-/intersperse-1.0.0.tgz",
      "integrity": "sha1-8lYfsc/vn1J3zDNHoiiGtDUaUYE="
    },
    "is-negative-zero": {
      "version": "2.0.0",
      "resolved": "https://registry.npmjs.org/is-negative-zero/-/is-negative-zero-2.0.0.tgz",
      "integrity": "sha1-lVOxIbD6wohp2p7UWeIMdUN4hGE="
    },
    "is-stream": {
      "version": "1.1.0",
      "resolved": "https://registry.npmjs.org/is-stream/-/is-stream-1.1.0.tgz",
      "integrity": "sha1-EtSj3U5o4Lec6428hBc66A2RykQ="
    },
    "isomorphic-fetch": {
      "version": "2.2.1",
      "resolved": "https://registry.npmjs.org/isomorphic-fetch/-/isomorphic-fetch-2.2.1.tgz",
      "integrity": "sha1-YRrhrPFPXoH3KVB0coGf6XM1WKk=",
      "requires": {
        "node-fetch": "^1.0.1",
        "whatwg-fetch": ">=0.10.0"
      }
    },
    "js-tokens": {
      "version": "4.0.0",
      "resolved": "https://registry.npmjs.org/js-tokens/-/js-tokens-4.0.0.tgz",
      "integrity": "sha512-RdJUflcE3cUzKiMqQgsCu06FPu9UdIJO0beYbPhHN4k6apgJtifcoCtT9bcxOpYBtpD2kCM6Sbzg4CausW/PKQ=="
    },
    "json2mq": {
      "version": "0.2.0",
      "resolved": "https://registry.npmjs.org/json2mq/-/json2mq-0.2.0.tgz",
      "integrity": "sha1-tje9O6nqvhIsg+lyBIOusQ0skEo=",
      "requires": {
        "string-convert": "^0.2.0"
      }
    },
    "lodash": {
      "version": "4.17.11",
      "resolved": "https://registry.npmjs.org/lodash/-/lodash-4.17.11.tgz",
      "integrity": "sha512-cQKh8igo5QUhZ7lg38DYWAxMvjSAKG0A8wGSVimP07SIUEK2UO+arSRKbRZWtelMtN5V0Hkwh5ryOto/SshYIg=="
    },
    "lodash._getnative": {
      "version": "3.9.1",
      "resolved": "https://registry.npmjs.org/lodash._getnative/-/lodash._getnative-3.9.1.tgz",
      "integrity": "sha1-VwvH3t5G1hzc3mh9ZdPuy6o6r/U="
    },
    "lodash.debounce": {
      "version": "4.0.8",
      "resolved": "https://registry.npmjs.org/lodash.debounce/-/lodash.debounce-4.0.8.tgz",
      "integrity": "sha1-gteb/zCmfEAF/9XiUVMArZyk168="
    },
    "lodash.isarguments": {
      "version": "3.1.0",
      "resolved": "https://registry.npmjs.org/lodash.isarguments/-/lodash.isarguments-3.1.0.tgz",
      "integrity": "sha1-L1c9hcaiQon/AGY7SRwdM4/zRYo="
    },
    "lodash.isarray": {
      "version": "3.0.4",
      "resolved": "https://registry.npmjs.org/lodash.isarray/-/lodash.isarray-3.0.4.tgz",
      "integrity": "sha1-eeTriMNqgSKvhvhEqpvNhRtfu1U="
    },
    "lodash.keys": {
      "version": "3.1.2",
      "resolved": "https://registry.npmjs.org/lodash.keys/-/lodash.keys-3.1.2.tgz",
      "integrity": "sha1-TbwEcrFWvlCgsoaFXRvQsMZWCYo=",
      "requires": {
        "lodash._getnative": "^3.0.0",
        "lodash.isarguments": "^3.0.0",
        "lodash.isarray": "^3.0.0"
      }
    },
    "lodash.throttle": {
      "version": "4.1.1",
      "resolved": "https://registry.npmjs.org/lodash.throttle/-/lodash.throttle-4.1.1.tgz",
      "integrity": "sha1-wj6RtxAkKscMN/HhzaknTMOb8vQ="
    },
    "loose-envify": {
      "version": "1.4.0",
      "resolved": "https://registry.npmjs.org/loose-envify/-/loose-envify-1.4.0.tgz",
      "integrity": "sha512-lyuxPGr/Wfhrlem2CL/UcnUc1zcqKAImBDzukY7Y5F/yQiNdko6+fRLevlw1HgMySw7f611UIY408EtxRSoK3Q==",
      "requires": {
        "js-tokens": "^3.0.0 || ^4.0.0"
      }
    },
    "mini-store": {
      "version": "2.0.0",
      "resolved": "https://registry.npmjs.org/mini-store/-/mini-store-2.0.0.tgz",
      "integrity": "sha512-EG0CuwpQmX+XL4QVS0kxNwHW5ftSbhygu1qxQH0pipugjnPkbvkalCdQbEihMwtQY6d3MTN+MS0q+aurs+RfLQ==",
      "requires": {
        "hoist-non-react-statics": "^2.3.1",
        "prop-types": "^15.6.0",
        "react-lifecycles-compat": "^3.0.4",
        "shallowequal": "^1.0.2"
      }
    },
    "moment": {
      "version": "2.22.2",
      "resolved": "https://registry.npmjs.org/moment/-/moment-2.22.2.tgz",
      "integrity": "sha1-PCV/mDn8DpP/UxSWMiOeuQeD/2Y="
    },
    "mutationobserver-shim": {
      "version": "0.3.2",
      "resolved": "https://registry.npmjs.org/mutationobserver-shim/-/mutationobserver-shim-0.3.2.tgz",
      "integrity": "sha1-9NXa56SXGiIHkU+1qQ69UUtlrMo="
    },
    "node-fetch": {
      "version": "1.7.3",
      "resolved": "https://registry.npmjs.org/node-fetch/-/node-fetch-1.7.3.tgz",
      "integrity": "sha512-NhZ4CsKx7cYm2vSrBAr2PvFOe6sWDf0UYLRqA6svUYg7+/TSfVAu49jYC4BvQ4Sms9SZgdqGBgroqfDhJdTyKQ==",
      "requires": {
        "encoding": "^0.1.11",
        "is-stream": "^1.0.1"
      }
    },
    "object-assign": {
      "version": "4.1.1",
      "resolved": "https://registry.npmjs.org/object-assign/-/object-assign-4.1.1.tgz",
      "integrity": "sha1-IQmtx5ZYh8/AXLvUQsrIv7s2CGM="
    },
    "omit.js": {
      "version": "1.0.0",
      "resolved": "https://registry.npmjs.org/omit.js/-/omit.js-1.0.0.tgz",
      "integrity": "sha512-O1rwbvEfAdhtonTv+v6IQeMOKTi/wlHcXpI3hehyPDlujkjSBQC6Vtzg0mdy+v2KVDmuPf7hAbHlTBM6q1bUHQ==",
      "requires": {
        "babel-runtime": "^6.23.0"
      }
    },
    "performance-now": {
      "version": "2.1.0",
      "resolved": "https://registry.npmjs.org/performance-now/-/performance-now-2.1.0.tgz",
      "integrity": "sha1-Ywn04OX6kT7BxpMHrjZLSzd8nns="
    },
    "prettier": {
      "version": "1.15.3",
      "resolved": "https://registry.npmjs.org/prettier/-/prettier-1.15.3.tgz",
      "integrity": "sha512-gAU9AGAPMaKb3NNSUUuhhFAS7SCO4ALTN4nRIn6PJ075Qd28Yn2Ig2ahEJWdJwJmlEBTUfC7mMUSFy8MwsOCfg=="
    },
    "promise": {
      "version": "7.3.1",
      "resolved": "https://registry.npmjs.org/promise/-/promise-7.3.1.tgz",
      "integrity": "sha512-nolQXZ/4L+bP/UGlkfaIujX9BKxGwmQ9OT4mOt5yvy8iK1h3wqTEJCijzGANTCCl9nWjY41juyAn2K3Q1hLLTg==",
      "requires": {
        "asap": "~2.0.3"
      }
    },
    "prop-types": {
      "version": "15.6.2",
      "resolved": "https://registry.npmjs.org/prop-types/-/prop-types-15.6.2.tgz",
      "integrity": "sha512-3pboPvLiWD7dkI3qf3KbUe6hKFKa52w+AE0VCqECtf+QHAKgOL37tTaNCnuX1nAAQ4ZhyP+kYVKf8rLmJ/feDQ==",
      "requires": {
        "loose-envify": "^1.3.1",
        "object-assign": "^4.1.1"
      }
    },
    "raf": {
      "version": "3.4.1",
      "resolved": "https://registry.npmjs.org/raf/-/raf-3.4.1.tgz",
      "integrity": "sha512-Sq4CW4QhwOHE8ucn6J34MqtZCeWFP2aQSmrlroYgqAV1PjStIhJXxYuTgUIfkEk7zTLjmIjLmU5q+fbD1NnOJA==",
      "requires": {
        "performance-now": "^2.1.0"
      }
    },
    "rc-align": {
      "version": "2.4.3",
      "resolved": "https://registry.npmjs.org/rc-align/-/rc-align-2.4.3.tgz",
      "integrity": "sha512-h5KgyB5IXYR7iKpYFcMr54cuQ2eozPCZ11kbXPG5+6CWvmyJ+c0R/yjndVndiNk2G3MKcTMbJNdDv5DIckLAxQ==",
      "requires": {
        "babel-runtime": "^6.26.0",
        "dom-align": "^1.7.0",
        "prop-types": "^15.5.8",
        "rc-util": "^4.0.4"
      }
    },
    "rc-animate": {
      "version": "2.6.0",
      "resolved": "https://registry.npmjs.org/rc-animate/-/rc-animate-2.6.0.tgz",
      "integrity": "sha512-JXDycchgbOI+7T/VKmFWnAIn042LLScK1fNkmNunb0jz5q5aPGCAybx2bTo7X5t31Jkj9OsxKNb/vZPDPWufCg==",
      "requires": {
        "babel-runtime": "6.x",
        "classnames": "^2.2.6",
        "css-animation": "^1.3.2",
        "prop-types": "15.x",
        "raf": "^3.4.0",
        "react-lifecycles-compat": "^3.0.4"
      }
    },
    "rc-calendar": {
      "version": "9.8.1",
      "resolved": "https://registry.npmjs.org/rc-calendar/-/rc-calendar-9.8.1.tgz",
      "integrity": "sha512-0320a5TDWcbiqEsoHAh68ERejJbyqUXOIAV+lbPqn6+KYiIp1ut4f8SqDLtsPl3DjMdN24wKvU3So2dSkO/aaw==",
      "requires": {
        "babel-runtime": "6.x",
        "classnames": "2.x",
        "create-react-class": "^15.5.2",
        "moment": "2.x",
        "prop-types": "^15.5.8",
        "rc-trigger": "^2.2.0",
        "rc-util": "^4.1.1"
      }
    },
    "rc-cascader": {
      "version": "0.16.2",
      "resolved": "https://registry.npmjs.org/rc-cascader/-/rc-cascader-0.16.2.tgz",
      "integrity": "sha512-XYO6nJGQu4mshFJGZDIR1f1+z4mNDEfTyp3LSZ6KhxYlnBoTuTHbuduph2J/sM1ziVjrQ2WjdUu29Rh1BuVOMQ==",
      "requires": {
        "array-tree-filter": "^1.0.0",
        "prop-types": "^15.5.8",
        "rc-trigger": "^2.2.0",
        "rc-util": "^4.0.4",
        "shallow-equal": "^1.0.0",
        "warning": "^4.0.1"
      },
      "dependencies": {
        "array-tree-filter": {
          "version": "1.0.1",
          "resolved": "https://registry.npmjs.org/array-tree-filter/-/array-tree-filter-1.0.1.tgz",
          "integrity": "sha1-CorR7v04zoiFhjL5zAQj12NOTV0="
        }
      }
    },
    "rc-checkbox": {
      "version": "2.1.5",
      "resolved": "https://registry.npmjs.org/rc-checkbox/-/rc-checkbox-2.1.5.tgz",
      "integrity": "sha512-WXKnZV6ipS3Jsmd7mVenVUQf+ictgWZW0RqiH+7MeYdzGj/SL4g/S6MZgRdgzaBS2tGBCp4bvhGcyZLns6uQxw==",
      "requires": {
        "babel-runtime": "^6.23.0",
        "classnames": "2.x",
        "prop-types": "15.x",
        "rc-util": "^4.0.4"
      }
    },
    "rc-collapse": {
      "version": "1.10.0",
      "resolved": "https://registry.npmjs.org/rc-collapse/-/rc-collapse-1.10.0.tgz",
      "integrity": "sha512-H8cn7yOhSg28anuhZTSbGBTEWYMmEqNHWT2AMCXk6JpYN5RpdJDCWMZitdJYPeKT0axMqQnrNe4upSELmWnTMw==",
      "requires": {
        "classnames": "2.x",
        "css-animation": "1.x",
        "prop-types": "^15.5.6",
        "rc-animate": "2.x"
      }
    },
    "rc-dialog": {
      "version": "7.2.1",
      "resolved": "https://registry.npmjs.org/rc-dialog/-/rc-dialog-7.2.1.tgz",
      "integrity": "sha512-UgKNFq6ekC7XZUnXYss/9/HSDajwy04qJ++8Iuecvfq48FbMf1k9UtTW0QGcbKIfLHWUJV13/DsTBJki2H6vWw==",
      "requires": {
        "babel-runtime": "6.x",
        "rc-animate": "2.x",
        "rc-util": "^4.4.0"
      }
    },
    "rc-drawer": {
      "version": "1.7.6",
      "resolved": "https://registry.npmjs.org/rc-drawer/-/rc-drawer-1.7.6.tgz",
      "integrity": "sha512-FPJjShzI32ijWVjuBm+icDJHdXnKGQh/tvHJooKKspmWusCo2CAKMn1c7IG4pbVdKhZYCih70/8pD5iF5E8Bhg==",
      "requires": {
        "babel-runtime": "6.x",
        "classnames": "^2.2.5",
        "prop-types": "^15.5.0",
        "rc-util": "^4.5.1"
      }
    },
    "rc-dropdown": {
      "version": "2.2.1",
      "resolved": "https://registry.npmjs.org/rc-dropdown/-/rc-dropdown-2.2.1.tgz",
      "integrity": "sha512-eyTYEkdyhQGHcNc+YDH6MrExX783zPAxQCnQ0+ArIchXmKmDw6MRV88kbRT69jfmqEkH6n8kOKt65EFCNWzk6g==",
      "requires": {
        "babel-runtime": "^6.26.0",
        "prop-types": "^15.5.8",
        "rc-trigger": "^2.5.1",
        "react-lifecycles-compat": "^3.0.2"
      }
    },
    "rc-editor-core": {
      "version": "0.8.8",
      "resolved": "https://registry.npmjs.org/rc-editor-core/-/rc-editor-core-0.8.8.tgz",
      "integrity": "sha512-4zT4Z8BtQSDcdh9mGXrsVCzUXmXKpe2U2VJSKOAErh5J4yTzJxSOfJon+nHxZyJZEKXg7rZvwrnhogXZzYNIng==",
      "requires": {
        "babel-runtime": "^6.26.0",
        "classnames": "^2.2.5",
        "draft-js": "^0.10.0",
        "immutable": "^3.7.4",
        "lodash": "^4.16.5",
        "prop-types": "^15.5.8",
        "setimmediate": "^1.0.5"
      }
    },
    "rc-editor-mention": {
      "version": "1.1.12",
      "resolved": "https://registry.npmjs.org/rc-editor-mention/-/rc-editor-mention-1.1.12.tgz",
      "integrity": "sha512-cPm2rQ7P+hXaKMsO0ajVv08QlTDcSPVtw8/lVr9D+QzQKRPChCqLw9rVGOa4YGYTeS3gVe8lBfLr8a9JKFk3gA==",
      "requires": {
        "babel-runtime": "^6.23.0",
        "classnames": "^2.2.5",
        "dom-scroll-into-view": "^1.2.0",
        "draft-js": "~0.10.0",
        "immutable": "^3.7.4",
        "prop-types": "^15.5.8",
        "rc-animate": "^2.3.0",
        "rc-editor-core": "~0.8.3"
      }
    },
    "rc-form": {
      "version": "2.2.7",
      "resolved": "https://registry.npmjs.org/rc-form/-/rc-form-2.2.7.tgz",
      "integrity": "sha512-50zIXXa+QzssgZZQx5OwGFbELr99d0sCZYVo1SIXS216ioWnFefzbFs+iofTCir+YbTCQHh/cxqXDdC6r6HvYg==",
      "requires": {
        "async-validator": "~1.8.5",
        "babel-runtime": "6.x",
        "create-react-class": "^15.5.3",
        "dom-scroll-into-view": "1.x",
        "hoist-non-react-statics": "^2.3.1",
        "lodash": "^4.17.4",
        "warning": "^3.0.0"
      },
      "dependencies": {
        "warning": {
          "version": "3.0.0",
          "resolved": "https://registry.npmjs.org/warning/-/warning-3.0.0.tgz",
          "integrity": "sha1-MuU3fLVy3kqwR1O9+IIcAe1gW3w=",
          "requires": {
            "loose-envify": "^1.0.0"
          }
        }
      }
    },
    "rc-hammerjs": {
      "version": "0.6.9",
      "resolved": "https://registry.npmjs.org/rc-hammerjs/-/rc-hammerjs-0.6.9.tgz",
      "integrity": "sha512-4llgWO3RgLyVbEqUdGsDfzUDqklRlQW5VEhE3x35IvhV+w//VPRG34SBavK3D2mD/UaLKaohgU41V4agiftC8g==",
      "requires": {
        "babel-runtime": "6.x",
        "hammerjs": "^2.0.8",
        "prop-types": "^15.5.9"
      }
    },
    "rc-input-number": {
      "version": "4.3.7",
      "resolved": "https://registry.npmjs.org/rc-input-number/-/rc-input-number-4.3.7.tgz",
      "integrity": "sha512-uIrUSJ3mURDBIcoBE3Suq6hvO7OyfNJHLeai0xN2hXMxOkR9ePH4B/RbiqNjMPflmj6/fxbtK5odOXqVV7BemQ==",
      "requires": {
        "babel-runtime": "6.x",
        "classnames": "^2.2.0",
        "is-negative-zero": "^2.0.0",
        "prop-types": "^15.5.7",
        "rc-util": "^4.5.1",
        "rmc-feedback": "^2.0.0"
      }
    },
    "rc-menu": {
      "version": "7.4.20",
      "resolved": "https://registry.npmjs.org/rc-menu/-/rc-menu-7.4.20.tgz",
      "integrity": "sha512-ONhgwlfuoJTm09KeUq+J+rtAEPPN/tYo2RXQN3Sr/PKPPKw6+5ltP9RReHkPOWQEd3kypOcL0VpRJrk4B+M5Rg==",
      "requires": {
        "babel-runtime": "6.x",
        "classnames": "2.x",
        "dom-scroll-into-view": "1.x",
        "mini-store": "^2.0.0",
        "mutationobserver-shim": "^0.3.2",
        "prop-types": "^15.5.6",
        "rc-animate": "2.x",
        "rc-trigger": "^2.3.0",
        "rc-util": "^4.1.0",
        "resize-observer-polyfill": "^1.5.0"
      }
    },
    "rc-notification": {
      "version": "3.3.0",
      "resolved": "https://registry.npmjs.org/rc-notification/-/rc-notification-3.3.0.tgz",
      "integrity": "sha512-T7wUryaKTNTO9gsWPCwRyC9P4FcKFTrIRsiNVXJhjlRbHKT0xZF3ag/gxXxZzPBDAf0l1vfgIrT+11cfWtZW0g==",
      "requires": {
        "babel-runtime": "6.x",
        "classnames": "2.x",
        "prop-types": "^15.5.8",
        "rc-animate": "2.x",
        "rc-util": "^4.0.4"
      }
    },
    "rc-pagination": {
      "version": "1.17.3",
      "resolved": "https://registry.npmjs.org/rc-pagination/-/rc-pagination-1.17.3.tgz",
      "integrity": "sha512-/bwe4++vjBHq2lNvxWP2LpCx0c0CRNH+tDO75tFsj1XMpQQo/vzdhreISC3HFjQOeb5a+59e2dXKmoBCootr9Q==",
      "requires": {
        "babel-runtime": "6.x",
        "prop-types": "^15.5.7"
      }
    },
    "rc-progress": {
      "version": "2.2.6",
      "resolved": "https://registry.npmjs.org/rc-progress/-/rc-progress-2.2.6.tgz",
      "integrity": "sha512-73Ul9WrWf474q0ze+XblpcR8q2No0tybHt+zdGXYyQ7fUZy4b+I5dUQcoxr9UXY6W5Ele9ZsPWJWHSDz/IAOUw==",
      "requires": {
        "babel-runtime": "6.x",
        "prop-types": "^15.5.8"
      }
    },
    "rc-rate": {
      "version": "2.4.3",
      "resolved": "https://registry.npmjs.org/rc-rate/-/rc-rate-2.4.3.tgz",
      "integrity": "sha512-MyE0toUYgAFpy4ONbammAkktwlPmmoOAazWWmae8iz2KaJ4Pj3itN1DgAcamfIdpyDe97drldY2l7AvCg1fUSQ==",
      "requires": {
        "babel-runtime": "^6.26.0",
        "classnames": "^2.2.5",
        "prop-types": "^15.5.8",
        "rc-util": "^4.3.0",
        "react-lifecycles-compat": "^3.0.4"
      }
    },
    "rc-select": {
      "version": "8.6.4",
      "resolved": "https://registry.npmjs.org/rc-select/-/rc-select-8.6.4.tgz",
      "integrity": "sha512-8qCIR+VrJPFCH3Fnw6LUarwML8twvE6ROb/+IkZUkDN7FusajdmGHKSTYjgz54nxLYP26xj3TjFaAQ22Xftehw==",
      "requires": {
        "babel-runtime": "^6.23.0",
        "classnames": "2.x",
        "component-classes": "1.x",
        "dom-scroll-into-view": "1.x",
        "prop-types": "^15.5.8",
        "raf": "^3.4.0",
        "rc-animate": "2.x",
        "rc-menu": "^7.3.0",
        "rc-trigger": "^2.5.4",
        "rc-util": "^4.0.4",
        "react-lifecycles-compat": "^3.0.2",
        "warning": "^4.0.2"
      }
    },
    "rc-slider": {
      "version": "8.6.4",
      "resolved": "https://registry.npmjs.org/rc-slider/-/rc-slider-8.6.4.tgz",
      "integrity": "sha512-CV2i2Ww6ib0EjFuBKvgjw3PgT6QwvWKC93iEpqPtrztZrx5wO9Iw//AUri4KHRqptW13AuBvFdEHovqLi6XFTw==",
      "requires": {
        "babel-runtime": "6.x",
        "classnames": "^2.2.5",
        "prop-types": "^15.5.4",
        "rc-tooltip": "^3.7.0",
        "rc-util": "^4.0.4",
        "shallowequal": "^1.0.1",
        "warning": "^3.0.0"
      },
      "dependencies": {
        "warning": {
          "version": "3.0.0",
          "resolved": "https://registry.npmjs.org/warning/-/warning-3.0.0.tgz",
          "integrity": "sha1-MuU3fLVy3kqwR1O9+IIcAe1gW3w=",
          "requires": {
            "loose-envify": "^1.0.0"
          }
        }
      }
    },
    "rc-steps": {
      "version": "3.3.0",
      "resolved": "https://registry.npmjs.org/rc-steps/-/rc-steps-3.3.0.tgz",
      "integrity": "sha512-a4TjKu27Nmgo7CbT/Rx17G24yL/FYfv7tDBptuw3JixCMNs6H935vQvsYIdyO9k/l02uGXd/DGVAqUIDHJEBeA==",
      "requires": {
        "babel-runtime": "^6.23.0",
        "classnames": "^2.2.3",
        "lodash": "^4.17.5",
        "prop-types": "^15.5.7"
      }
    },
    "rc-switch": {
      "version": "1.8.0",
      "resolved": "https://registry.npmjs.org/rc-switch/-/rc-switch-1.8.0.tgz",
      "integrity": "sha512-n4H+K2XJCqGwVQKwWOjbxl1kpdov0PVE9DGhzs/S20gk65s/nAOkpdO9tBD7IM/20KRNTBh0fEWkEedByrqh6w==",
      "requires": {
        "babel-runtime": "^6.23.0",
        "classnames": "^2.2.1",
        "prop-types": "^15.5.6"
      }
    },
    "rc-table": {
      "version": "6.4.0",
      "resolved": "https://registry.npmjs.org/rc-table/-/rc-table-6.4.0.tgz",
      "integrity": "sha512-dd1vcomCZtV8NIVLz6i0aK8019rRojrmVktTruHmFRc7LiFKm6M+Ij3aHp5jUAs0t5dUeToFu9AoYzA0JknBTg==",
      "requires": {
        "babel-runtime": "6.x",
        "classnames": "^2.2.5",
        "component-classes": "^1.2.6",
        "lodash": "^4.17.5",
        "mini-store": "^2.0.0",
        "prop-types": "^15.5.8",
        "rc-util": "^4.0.4",
        "react-lifecycles-compat": "^3.0.2",
        "shallowequal": "^1.0.2",
        "warning": "^3.0.0"
      },
      "dependencies": {
        "warning": {
          "version": "3.0.0",
          "resolved": "https://registry.npmjs.org/warning/-/warning-3.0.0.tgz",
          "integrity": "sha1-MuU3fLVy3kqwR1O9+IIcAe1gW3w=",
          "requires": {
            "loose-envify": "^1.0.0"
          }
        }
      }
    },
    "rc-tabs": {
      "version": "9.5.7",
      "resolved": "https://registry.npmjs.org/rc-tabs/-/rc-tabs-9.5.7.tgz",
      "integrity": "sha512-9aP4ra3zhy5VREqRG6t9Qce8uhCcRjHZuXx3LfLCP1Yip8bbm8zmPtcQ6dCeOJTFopdE1MwGSUJBGPs4jhbisw==",
      "requires": {
        "babel-runtime": "6.x",
        "classnames": "2.x",
        "create-react-context": "0.2.2",
        "lodash": "^4.17.5",
        "prop-types": "15.x",
        "raf": "^3.4.1",
        "rc-hammerjs": "~0.6.0",
        "rc-util": "^4.0.4",
        "warning": "^3.0.0"
      },
      "dependencies": {
        "warning": {
          "version": "3.0.0",
          "resolved": "https://registry.npmjs.org/warning/-/warning-3.0.0.tgz",
          "integrity": "sha1-MuU3fLVy3kqwR1O9+IIcAe1gW3w=",
          "requires": {
            "loose-envify": "^1.0.0"
          }
        }
      }
    },
    "rc-time-picker": {
      "version": "3.4.0",
      "resolved": "https://registry.npmjs.org/rc-time-picker/-/rc-time-picker-3.4.0.tgz",
      "integrity": "sha512-BgF0Fu/d36AK0h8jYBa01VWCm5vHWtYCh4DXBQhNazPLSH9hMP6JHLMJPSYMJ9jKttdE18O+F3j0mVQCL8JpDg==",
      "requires": {
        "babel-runtime": "6.x",
        "classnames": "2.x",
        "moment": "2.x",
        "prop-types": "^15.5.8",
        "rc-trigger": "^2.2.0"
      }
    },
    "rc-tooltip": {
      "version": "3.7.3",
      "resolved": "https://registry.npmjs.org/rc-tooltip/-/rc-tooltip-3.7.3.tgz",
      "integrity": "sha512-dE2ibukxxkrde7wH9W8ozHKUO4aQnPZ6qBHtrTH9LoO836PjDdiaWO73fgPB05VfJs9FbZdmGPVEbXCeOP99Ww==",
      "requires": {
        "babel-runtime": "6.x",
        "prop-types": "^15.5.8",
        "rc-trigger": "^2.2.2"
      }
    },
    "rc-tree": {
      "version": "1.14.8",
      "resolved": "https://registry.npmjs.org/rc-tree/-/rc-tree-1.14.8.tgz",
      "integrity": "sha512-jaI7D6q/Usvyaj2lIgRmOdyFD9M3GsxRdkVDtpCURJGuaBtH5eiAAYqj1xb1YR8gx9g6GiNZhaFd5srQcdM/aw==",
      "requires": {
        "babel-runtime": "^6.23.0",
        "classnames": "2.x",
        "prop-types": "^15.5.8",
        "rc-animate": "^3.0.0-rc.5",
        "rc-util": "^4.5.1",
        "react-lifecycles-compat": "^3.0.4",
        "warning": "^3.0.0"
      },
      "dependencies": {
        "rc-animate": {
          "version": "3.0.0-rc.6",
          "resolved": "https://registry.npmjs.org/rc-animate/-/rc-animate-3.0.0-rc.6.tgz",
          "integrity": "sha512-oBLPpiT6Q4t6YvD/pkLcmofBP1p01TX0Otse8Q4+Mxt8J+VSDflLZGIgf62EwkvRwsQUkLPjZVFBsldnPKLzjg==",
          "requires": {
            "babel-runtime": "6.x",
            "classnames": "^2.2.5",
            "component-classes": "^1.2.6",
            "fbjs": "^0.8.16",
            "prop-types": "15.x",
            "raf": "^3.4.0",
            "rc-util": "^4.5.0",
            "react-lifecycles-compat": "^3.0.4"
          }
        },
        "warning": {
          "version": "3.0.0",
          "resolved": "https://registry.npmjs.org/warning/-/warning-3.0.0.tgz",
          "integrity": "sha1-MuU3fLVy3kqwR1O9+IIcAe1gW3w=",
          "requires": {
            "loose-envify": "^1.0.0"
          }
        }
      }
    },
    "rc-tree-select": {
      "version": "2.4.4",
      "resolved": "https://registry.npmjs.org/rc-tree-select/-/rc-tree-select-2.4.4.tgz",
      "integrity": "sha512-jg64hqD9KRfmjhbAjraDi65rzNuiu4llIVpmmfdaoRwSbdbbBNK/SNhXAy2UQ5QmTzKqzYuRj81IJEV2wH2K/w==",
      "requires": {
        "babel-runtime": "^6.23.0",
        "classnames": "^2.2.1",
        "prop-types": "^15.5.8",
        "raf": "^3.4.0",
        "rc-animate": "^3.0.0-rc.4",
        "rc-tree": "~1.14.3",
        "rc-trigger": "^3.0.0-rc.2",
        "rc-util": "^4.5.0",
        "react-lifecycles-compat": "^3.0.4",
        "shallowequal": "^1.0.2",
        "warning": "^4.0.1"
      },
      "dependencies": {
        "rc-animate": {
          "version": "3.0.0-rc.6",
          "resolved": "https://registry.npmjs.org/rc-animate/-/rc-animate-3.0.0-rc.6.tgz",
          "integrity": "sha512-oBLPpiT6Q4t6YvD/pkLcmofBP1p01TX0Otse8Q4+Mxt8J+VSDflLZGIgf62EwkvRwsQUkLPjZVFBsldnPKLzjg==",
          "requires": {
            "babel-runtime": "6.x",
            "classnames": "^2.2.5",
            "component-classes": "^1.2.6",
            "fbjs": "^0.8.16",
            "prop-types": "15.x",
            "raf": "^3.4.0",
            "rc-util": "^4.5.0",
            "react-lifecycles-compat": "^3.0.4"
          }
        },
        "rc-trigger": {
          "version": "3.0.0-rc.3",
          "resolved": "https://registry.npmjs.org/rc-trigger/-/rc-trigger-3.0.0-rc.3.tgz",
          "integrity": "sha512-4vB6cpxcUdm2qO5VtB9q1TZz0MoWm9BzFLvGknulphGrl1qI6uxUsPDCvqnmujdpDdAKGGfjxntFpA7RtAwkFQ==",
          "requires": {
            "babel-runtime": "6.x",
            "classnames": "^2.2.6",
            "prop-types": "15.x",
            "raf": "^3.4.0",
            "rc-align": "^2.4.1",
            "rc-animate": "^3.0.0-rc.1",
            "rc-util": "^4.4.0"
          }
        }
      }
    },
    "rc-trigger": {
      "version": "2.6.2",
      "resolved": "https://registry.npmjs.org/rc-trigger/-/rc-trigger-2.6.2.tgz",
      "integrity": "sha512-op4xCu95/gdHVaysyxxiYxbY+Z+UcIBSUY9nQfLqm1FlitdtnAN+owD5iMPfnnsRXntgcQ5+RdYKNUFQT5DjzA==",
      "requires": {
        "babel-runtime": "6.x",
        "classnames": "^2.2.6",
        "prop-types": "15.x",
        "rc-align": "^2.4.0",
        "rc-animate": "2.x",
        "rc-util": "^4.4.0"
      }
    },
    "rc-upload": {
      "version": "2.6.0",
      "resolved": "https://registry.npmjs.org/rc-upload/-/rc-upload-2.6.0.tgz",
      "integrity": "sha512-0nKpPEdRopGzxxrcFGXgZIiRJZwuet+TcMatYFAwPTCDyrFikdiSKkaLcz8Lz9tvLG2VzR5berbT2VLfpH9VvA==",
      "requires": {
        "babel-runtime": "6.x",
        "classnames": "^2.2.5",
        "prop-types": "^15.5.7",
        "warning": "2.x"
      },
      "dependencies": {
        "warning": {
          "version": "2.1.0",
          "resolved": "https://registry.npmjs.org/warning/-/warning-2.1.0.tgz",
          "integrity": "sha1-ISINnGOvx3qMkhEeARr3Bc4MaQE=",
          "requires": {
            "loose-envify": "^1.0.0"
          }
        }
      }
    },
    "rc-util": {
      "version": "4.6.0",
      "resolved": "https://registry.npmjs.org/rc-util/-/rc-util-4.6.0.tgz",
      "integrity": "sha512-rbgrzm1/i8mgfwOI4t1CwWK7wGe+OwX+dNa7PVMgxZYPBADGh86eD4OcJO1UKGeajIMDUUKMluaZxvgraQIOmw==",
      "requires": {
        "add-dom-event-listener": "^1.1.0",
        "babel-runtime": "6.x",
        "prop-types": "^15.5.10",
        "shallowequal": "^0.2.2"
      },
      "dependencies": {
        "shallowequal": {
          "version": "0.2.2",
          "resolved": "https://registry.npmjs.org/shallowequal/-/shallowequal-0.2.2.tgz",
          "integrity": "sha1-HjL9W8q2rWiKSBLLDMBO/HXHAU4=",
          "requires": {
            "lodash.keys": "^3.1.2"
          }
        }
      }
    },
    "react-lazy-load": {
      "version": "3.0.13",
      "resolved": "https://registry.npmjs.org/react-lazy-load/-/react-lazy-load-3.0.13.tgz",
      "integrity": "sha1-OwqS0zbUPT8Nc8vm81sXBQsIuCQ=",
      "requires": {
        "eventlistener": "0.0.1",
        "lodash.debounce": "^4.0.0",
        "lodash.throttle": "^4.0.0",
        "prop-types": "^15.5.8"
      }
    },
    "react-lifecycles-compat": {
      "version": "3.0.4",
      "resolved": "https://registry.npmjs.org/react-lifecycles-compat/-/react-lifecycles-compat-3.0.4.tgz",
      "integrity": "sha512-fBASbA6LnOU9dOU2eW7aQ8xmYBSXUIWr+UmF9b1efZBazGNO+rcXT/icdKnYm2pTwcRylVUYwW7H1PHfLekVzA=="
    },
    "react-slick": {
      "version": "0.23.2",
      "resolved": "https://registry.npmjs.org/react-slick/-/react-slick-0.23.2.tgz",
      "integrity": "sha512-fM6DXX7+22eOcYE9cgaXUfioZL/Zw6fwS6aPMDBt0kLHl4H4fFNEbp4JsJQdEWMLUNFtUytNcvd9KRml22Tp5w==",
      "requires": {
        "classnames": "^2.2.5",
        "enquire.js": "^2.1.6",
        "json2mq": "^0.2.0",
        "lodash.debounce": "^4.0.8",
        "prettier": "^1.14.3",
        "resize-observer-polyfill": "^1.5.0"
      }
    },
    "regenerator-runtime": {
      "version": "0.11.1",
      "resolved": "https://registry.npmjs.org/regenerator-runtime/-/regenerator-runtime-0.11.1.tgz",
      "integrity": "sha512-MguG95oij0fC3QV3URf4V2SDYGJhJnJGqvIIgdECeODCT98wSWDAJ94SSuVpYQUoTcGUIL6L4yNB7j1DFFHSBg=="
    },
    "resize-observer-polyfill": {
      "version": "1.5.1",
      "resolved": "https://registry.npmjs.org/resize-observer-polyfill/-/resize-observer-polyfill-1.5.1.tgz",
      "integrity": "sha512-LwZrotdHOo12nQuZlHEmtuXdqGoOD0OhaxopaNFxWzInpEgaLWoVuAMbTzixuosCx2nEG58ngzW3vxdWoxIgdg=="
    },
    "rmc-feedback": {
      "version": "2.0.0",
      "resolved": "https://registry.npmjs.org/rmc-feedback/-/rmc-feedback-2.0.0.tgz",
      "integrity": "sha512-5PWOGOW7VXks/l3JzlOU9NIxRpuaSS8d9zA3UULUCuTKnpwBHNvv1jSJzxgbbCQeYzROWUpgKI4za3X4C/mKmQ==",
      "requires": {
        "babel-runtime": "6.x",
        "classnames": "^2.2.5"
      }
    },
    "safer-buffer": {
      "version": "2.1.2",
      "resolved": "https://registry.npmjs.org/safer-buffer/-/safer-buffer-2.1.2.tgz",
      "integrity": "sha512-YZo3K82SD7Riyi0E1EQPojLz7kpepnSQI9IyPbHHg1XXXevb5dJI7tpyN2ADxGcQbHG7vcyRHk0cbwqcQriUtg=="
    },
    "setimmediate": {
      "version": "1.0.5",
      "resolved": "https://registry.npmjs.org/setimmediate/-/setimmediate-1.0.5.tgz",
      "integrity": "sha1-KQy7Iy4waULX1+qbg3Mqt4VvgoU="
    },
    "shallow-equal": {
      "version": "1.0.0",
      "resolved": "https://registry.npmjs.org/shallow-equal/-/shallow-equal-1.0.0.tgz",
      "integrity": "sha1-UI0YOLPeWQq4dXsBGyXkMJAJRfc="
    },
    "shallowequal": {
      "version": "1.1.0",
      "resolved": "https://registry.npmjs.org/shallowequal/-/shallowequal-1.1.0.tgz",
      "integrity": "sha512-y0m1JoUZSlPAjXVtPPW70aZWfIL/dSP7AFkRnniLCrK/8MDKog3TySTBmckD+RObVxH0v4Tox67+F14PdED2oQ=="
    },
    "string-convert": {
      "version": "0.2.1",
      "resolved": "https://registry.npmjs.org/string-convert/-/string-convert-0.2.1.tgz",
      "integrity": "sha1-aYLMMEn7tM2F+LJFaLnZvznu/5c="
    },
    "tinycolor2": {
      "version": "1.4.1",
      "resolved": "https://registry.npmjs.org/tinycolor2/-/tinycolor2-1.4.1.tgz",
      "integrity": "sha1-9PrTM0R7wLB9TcjpIJ2POaisd+g="
    },
    "ua-parser-js": {
      "version": "0.7.19",
      "resolved": "https://registry.npmjs.org/ua-parser-js/-/ua-parser-js-0.7.19.tgz",
      "integrity": "sha512-T3PVJ6uz8i0HzPxOF9SWzWAlfN/DavlpQqepn22xgve/5QecC+XMCAtmUNnY7C9StehaV6exjUCI801lOI7QlQ=="
    },
    "warning": {
      "version": "4.0.2",
      "resolved": "https://registry.npmjs.org/warning/-/warning-4.0.2.tgz",
      "integrity": "sha512-wbTp09q/9C+jJn4KKJfJfoS6VleK/Dti0yqWSm6KMvJ4MRCXFQNapHuJXutJIrWV0Cf4AhTdeIe4qdKHR1+Hug==",
      "requires": {
        "loose-envify": "^1.0.0"
      }
    },
    "whatwg-fetch": {
      "version": "3.0.0",
      "resolved": "https://registry.npmjs.org/whatwg-fetch/-/whatwg-fetch-3.0.0.tgz",
      "integrity": "sha512-9GSJUgz1D4MfyKU7KRqwOjXCXTqWdFNvEr7eUBYchQiVc744mqK/MzXPNR2WsPkmkOa4ywfg8C2n8h+13Bey1Q=="
    }
  }
}
